# Generated by scripts/sysbox_source_lock.sh. Do not edit manually.
# Source: https://github.com/nestybox/sysbox/tree/v0.7.0
SYSBOX_VERSION := 0.7.0
SYSBOX_RELEASE_COMMIT := 27cb713f973b0a8de744519ce5d19d69f0280844
SYSBOX_IPC_COMMIT := f05151f4b4c1df63d7fd241577ca032905c1bd0e
SYSBOX_LIBS_COMMIT := 9b42cd43fad17198c93ff660d9bb269e7c74366d
SYSBOX_RUNC_COMMIT := a4dd414f7b9b7455c0fbf0d5e5db7bcfe30645bc
SYSBOX_SHA_linux_amd64 := eeff273671467b8fa351ab3d40709759462dc03d9f7b50a1b207b37982ce40a9
SYSBOX_SHA_linux_arm64 := eae9c0e91ddd39bd1826d6a7a313a73d42a8449ef5113e9d6d118b559cb809ba
